PODS:
  - Analytics (3.0.2-alpha)
  - Segment-Wootric (0.1.1):
    - Analytics (~> 3.0.1-alpha)
    - WootricSDK
  - WootricSDK (0.4.2)

DEPENDENCIES:
  - Segment-Wootric (from `./`)

EXTERNAL SOURCES:
  Segment-Wootric:
    :path: "./"

SPEC CHECKSUMS:
  Analytics: a9794c7b948c0208c6e15653e3871b30c3dc37ad
  Segment-Wootric: f6e12efc273e5e54f482f020d7f042357f5e9570
  WootricSDK: 57fad25c1b47ad6ffffacebc2ff9d9bea54b0377

COCOAPODS: 0.39.0
